
Microsoft Visual Studio Solution File, Format Version 12.00
# Visual Studio 2013
VisualStudioVersion = 12.0.40629.0
MinimumVisualStudioVersion = 10.0.40219.1
Project("{FAE04EC0-301F-11D3-BF4B-00C04F79EFBC}") = "TestGit", "TestGit\TestGit.csproj", "{DD2A94CE-3596-4D5D-A28A-5116A512A02F}"
EndProject
Project("{FAE04EC0-301F-11D3-BF4B-00C04F79EFBC}") = "MathTest", "MathTest\MathTest.csproj", "{57D36D44-FC8E-4CBB-BA07-5A9545BF58C7}"
EndProject
Global
	GlobalSection(SolutionConfigurationPlatforms) = preSolution
		Debug|Any CPU = Debug|Any CPU
		Release|Any CPU = Release|Any CPU
	EndGlobalSection
	GlobalSection(ProjectConfigurationPlatforms) = postSolution
		{DD2A94CE-3596-4D5D-A28A-5116A512A02F}.Debug|Any CPU.ActiveCfg = Debug|Any CPU
		{DD2A94CE-3596-4D5D-A28A-5116A512A02F}.Debug|Any CPU.Build.0 = Debug|Any CPU
		{DD2A94CE-3596-4D5D-A28A-5116A512A02F}.Release|Any CPU.ActiveCfg = Release|Any CPU
		{DD2A94CE-3596-4D5D-A28A-5116A512A02F}.Release|Any CPU.Build.0 = Release|Any CPU
		{57D36D44-FC8E-4CBB-BA07-5A9545BF58C7}.Debug|Any CPU.ActiveCfg = Debug|Any CPU
		{57D36D44-FC8E-4CBB-BA07-5A9545BF58C7}.Debug|Any CPU.Build.0 = Debug|Any CPU
		{57D36D44-FC8E-4CBB-BA07-5A9545BF58C7}.Release|Any CPU.ActiveCfg = Release|Any CPU
		{57D36D44-FC8E-4CBB-BA07-5A9545BF58C7}.Release|Any CPU.Build.0 = Release|Any CPU
	EndGlobalSection
	GlobalSection(SolutionProperties) = preSolution
		HideSolutionNode = FALSE
	EndGlobalSection
EndGlobal
